{
  "name": "flaregun-starter",
  "version": "1.0.0",
  "lockfileVersion": 3,
  "requires": true,
  "packages": {
    "": {
      "name": "flaregun-starter",
      "version": "1.0.0",
      "license": "ISC",
      "dependencies": {
        "api": "github:treeder/api",
        "console-logger": "github:treeder/console-logger",
        "flaregun": "github:treeder/flaregun",
        "jsonc-parse": "^1.5.5",
        "migrations": "github:treeder/migrations",
        "nanoid": "^5.1.5",
        "rend": "github:treeder/rend"
      }
    },
    "node_modules/@luxass/strip-json-comments": {
      "version": "1.4.0",
      "resolved": "https://registry.npmjs.org/@luxass/strip-json-comments/-/strip-json-comments-1.4.0.tgz",
      "integrity": "sha512-Zl343to4u/t8jz1q7R/1UY6hLX+344cwPLEXsIYthVwdU5zyjuVBGcpf2E24+QZkwFfRfmnHTcscreQzWn3hiA==",
      "license": "MIT",
      "engines": {
        "node": ">=18"
      }
    },
    "node_modules/api": {
      "version": "1.0.3",
      "resolved": "git+ssh://git@github.com/treeder/api.git#56b638c28e6d027a7d807f730ff3be6ad58e978c",
      "license": "MIT",
      "dependencies": {
        "models": "github:treeder/models"
      }
    },
    "node_modules/console-logger": {
      "version": "0.0.3",
      "resolved": "git+ssh://git@github.com/treeder/console-logger.git#20fab6a9aecd122e6aa2731c047665cf47ac800d",
      "license": "MIT"
    },
    "node_modules/flaregun": {
      "version": "3.0.2",
      "resolved": "git+ssh://git@github.com/treeder/flaregun.git#0a27cf7a3541582efce78b2cbf6a27bc85936cda",
      "license": "MIT",
      "dependencies": {
        "models": "github:treeder/models",
        "nanoid": "^5.0.6"
      }
    },
    "node_modules/jsonc-parse": {
      "version": "1.5.5",
      "resolved": "https://registry.npmjs.org/jsonc-parse/-/jsonc-parse-1.5.5.tgz",
      "integrity": "sha512-6xSVqUb+VBwXSJoyDPzgK1toG+JoOcfjWrmZNBL5ZmKnokV9dLshqyLU8NkcLavKbT5tKEr+3T0d4/7d+wVdVw==",
      "license": "MIT",
      "dependencies": {
        "@luxass/strip-json-comments": "^1.3.2"
      },
      "engines": {
        "node": ">=18"
      }
    },
    "node_modules/migrations": {
      "version": "1.0.2",
      "resolved": "git+ssh://git@github.com/treeder/migrations.git#e93fb931fae8532d9f1ed52ca1060eb570be405f"
    },
    "node_modules/models": {
      "version": "1.0.6",
      "resolved": "git+ssh://git@github.com/treeder/models.git#d58654560b5f093c6d171107e2f146a0ed598848",
      "license": "MIT"
    },
    "node_modules/nanoid": {
      "version": "5.1.5",
      "resolved": "https://registry.npmjs.org/nanoid/-/nanoid-5.1.5.tgz",
      "integrity": "sha512-Ir/+ZpE9fDsNH0hQ3C68uyThDXzYcim2EqcZ8zn8Chtt1iylPT9xXJB0kPCnqzgcEGikO9RxSrh63MsmVCU7Fw==",
      "funding": [
        {
          "type": "github",
          "url": "https://github.com/sponsors/ai"
        }
      ],
      "license": "MIT",
      "bin": {
        "nanoid": "bin/nanoid.js"
      },
      "engines": {
        "node": "^18 || >=20"
      }
    },
    "node_modules/rend": {
      "version": "1.0.4",
      "resolved": "git+ssh://git@github.com/treeder/rend.git#a3dad6b1df8f7cf1cc4d35b3f524c3940ca99a35",
      "license": "Apache 2.0"
    }
  }
}
